Microsoft Visual Studio Solution File, Format Version 12.00
# Visual Studio Version 17
VisualStudioVersion = 17.10.34818.151
MinimumVisualStudioVersion = 10.0.40219.1
Project("{9A19103F-16F7-4668-BE54-9A1E7A4F7556}") = "SecureList.Console", "SecureList.Console\SecureList.Console.csproj", "{82869013-85CD-4B3A-BF23-ABB2B3A258B9}"
EndProject
Project("{9A19103F-16F7-4668-BE54-9A1E7A4F7556}") = "SecureList.Core", "SecureList.Core\SecureList.Core.csproj", "{9FE4322D-89AF-415D-9A54-60BF816F5725}"
EndProject
Global
	GlobalSection(SolutionConfigurationPlatforms) = preSolution
		Debug|Any CPU = Debug|Any CPU
		Release|Any CPU = Release|Any CPU
	EndGlobalSection
	GlobalSection(ProjectConfigurationPlatforms) = postSolution
		{82869013-85CD-4B3A-BF23-ABB2B3A258B9}.Debug|Any CPU.ActiveCfg = Debug|Any CPU
		{82869013-85CD-4B3A-BF23-ABB2B3A258B9}.Debug|Any CPU.Build.0 = Debug|Any CPU
		{82869013-85CD-4B3A-BF23-ABB2B3A258B9}.Release|Any CPU.ActiveCfg = Release|Any CPU
		{82869013-85CD-4B3A-BF23-ABB2B3A258B9}.Release|Any CPU.Build.0 = Release|Any CPU
		{9FE4322D-89AF-415D-9A54-60BF816F5725}.Debug|Any CPU.ActiveCfg = Debug|Any CPU
		{9FE4322D-89AF-415D-9A54-60BF816F5725}.Debug|Any CPU.Build.0 = Debug|Any CPU
		{9FE4322D-89AF-415D-9A54-60BF816F5725}.Release|Any CPU.ActiveCfg = Release|Any CPU
		{9FE4322D-89AF-415D-9A54-60BF816F5725}.Release|Any CPU.Build.0 = Release|Any CPU
	EndGlobalSection
	GlobalSection(SolutionProperties) = preSolution
		HideSolutionNode = FALSE
	EndGlobalSection
	GlobalSection(ExtensibilityGlobals) = postSolution
		SolutionGuid = {5BD25276-47A0-4458-BDA8-00F39714E8D7}
	EndGlobalSection
EndGlobal
